// !$*UTF8*$!
{
	archiveVersion = 1;
	classes = {
	};
	objectVersion = 55;
	objects = {

/* Begin PBXBuildFile section */
		2E38AEB528BE42B700AFCD74 /* GFTitleLabel.swift in Sources */ = {isa = PBXBuildFile; fileRef = 2E38AEB428BE42B700AFCD74 /* GFTitleLabel.swift */; };
		2E38AEB728BE447E00AFCD74 /* GFBodyLabel.swift in Sources */ = {isa = PBXBuildFile; fileRef = 2E38AEB628BE447E00AFCD74 /* GFBodyLabel.swift */; };
		2E38AEB928BE454400AFCD74 /* GFAlertVC.swift in Sources */ = {isa = PBXBuildFile; fileRef = 2E38AEB828BE454400AFCD74 /* GFAlertVC.swift */; };
		2E38AEBB28BE4DF200AFCD74 /* UIViewController+Ext.swift in Sources */ = {isa = PBXBuildFile; fileRef = 2E38AEBA28BE4DF200AFCD74 /* UIViewController+Ext.swift */; };
		2E59AD0628BF4F9100A63E04 /* Follower.swift in Sources */ = {isa = PBXBuildFile; fileRef = 2E59AD0528BF4F9100A63E04 /* Follower.swift */; };
		2E59AD0828BF50FD00A63E04 /* User.swift in Sources */ = {isa = PBXBuildFile; fileRef = 2E59AD0728BF50FD00A63E04 /* User.swift */; };
		2E59AD0B28BF58B900A63E04 /* NetworkManager.swift in Sources */ = {isa = PBXBuildFile; fileRef = 2E59AD0A28BF58B900A63E04 /* NetworkManager.swift */; };
		2E59AD0E28BF649000A63E04 /* ErrorMessage.swift in Sources */ = {isa = PBXBuildFile; fileRef = 2E59AD0D28BF649000A63E04 /* ErrorMessage.swift */; };
		2E8E91E028BDF585005ADF87 /* FollowerListVC.swift in Sources */ = {isa = PBXBuildFile; fileRef = 2E8E91DF28BDF585005ADF87 /* FollowerListVC.swift */; };
		2EEE875628BCE7BB00F95477 /* AppDelegate.swift in Sources */ = {isa = PBXBuildFile; fileRef = 2EEE875528BCE7BB00F95477 /* AppDelegate.swift */; };
		2EEE875828BCE7BB00F95477 /* SceneDelegate.swift in Sources */ = {isa = PBXBuildFile; fileRef = 2EEE875728BCE7BB00F95477 /* SceneDelegate.swift */; };
		2EEE875F28BCE7BD00F95477 /* Assets.xcassets in Resources */ = {isa = PBXBuildFile; fileRef = 2EEE875E28BCE7BD00F95477 /* Assets.xcassets */; };
		2EEE876228BCE7BD00F95477 /* LaunchScreen.storyboard in Resources */ = {isa = PBXBuildFile; fileRef = 2EEE876028BCE7BD00F95477 /* LaunchScreen.storyboard */; };
		2EEE876A28BCF09700F95477 /* SearchVC.swift in Sources */ = {isa = PBXBuildFile; fileRef = 2EEE876928BCF09700F95477 /* SearchVC.swift */; };
		2EEE876C28BCF0E400F95477 /* FavouritesListVC.swift in Sources */ = {isa = PBXBuildFile; fileRef = 2EEE876B28BCF0E400F95477 /* FavouritesListVC.swift */; };
		2EEE876E28BD00CD00F95477 /* GFButton.swift in Sources */ = {isa = PBXBuildFile; fileRef = 2EEE876D28BD00CD00F95477 /* GFButton.swift */; };
		2EEE877028BD041200F95477 /* GFTextField.swift in Sources */ = {isa = PBXBuildFile; fileRef = 2EEE876F28BD041200F95477 /* GFTextField.swift */; };
/* End PBXBuildFile section */

/* Begin PBXFileReference section */
		2E38AEB428BE42B700AFCD74 /* GFTitleLabel.swift */ = {isa = PBXFileReference; lastKnownFileType = sourcecode.swift; path = GFTitleLabel.swift; sourceTree = "<group>"; };
		2E38AEB628BE447E00AFCD74 /* GFBodyLabel.swift */ = {isa = PBXFileReference; lastKnownFileType = sourcecode.swift; path = GFBodyLabel.swift; sourceTree = "<group>"; };
		2E38AEB828BE454400AFCD74 /* GFAlertVC.swift */ = {isa = PBXFileReference; lastKnownFileType = sourcecode.swift; path = GFAlertVC.swift; sourceTree = "<group>"; };
		2E38AEBA28BE4DF200AFCD74 /* UIViewController+Ext.swift */ = {isa = PBXFileReference; lastKnownFileType = sourcecode.swift; path = "UIViewController+Ext.swift"; sourceTree = "<group>"; };
		2E59AD0528BF4F9100A63E04 /* Follower.swift */ = {isa = PBXFileReference; lastKnownFileType = sourcecode.swift; path = Follower.swift; sourceTree = "<group>"; };
		2E59AD0728BF50FD00A63E04 /* User.swift */ = {isa = PBXFileReference; lastKnownFileType = sourcecode.swift; path = User.swift; sourceTree = "<group>"; };
		2E59AD0A28BF58B900A63E04 /* NetworkManager.swift */ = {isa = PBXFileReference; lastKnownFileType = sourcecode.swift; path = NetworkManager.swift; sourceTree = "<group>"; };
		2E59AD0D28BF649000A63E04 /* ErrorMessage.swift */ = {isa = PBXFileReference; lastKnownFileType = sourcecode.swift; path = ErrorMessage.swift; sourceTree = "<group>"; };
		2E8E91DF28BDF585005ADF87 /* FollowerListVC.swift */ = {isa = PBXFileReference; lastKnownFileType = sourcecode.swift; path = FollowerListVC.swift; sourceTree = "<group>"; };
		2EEE875228BCE7BB00F95477 /* GithubFollowers.app */ = {isa = PBXFileReference; explicitFileType = wrapper.application; includeInIndex = 0; path = GithubFollowers.app; sourceTree = BUILT_PRODUCTS_DIR; };
		2EEE875528BCE7BB00F95477 /* AppDelegate.swift */ = {isa = PBXFileReference; lastKnownFileType = sourcecode.swift; path = AppDelegate.swift; sourceTree = "<group>"; };
		2EEE875728BCE7BB00F95477 /* SceneDelegate.swift */ = {isa = PBXFileReference; lastKnownFileType = sourcecode.swift; path = SceneDelegate.swift; sourceTree = "<group>"; };
		2EEE875E28BCE7BD00F95477 /* Assets.xcassets */ = {isa = PBXFileReference; lastKnownFileType = folder.assetcatalog; path = Assets.xcassets; sourceTree = "<group>"; };
		2EEE876128BCE7BD00F95477 /* Base */ = {isa = PBXFileReference; lastKnownFileType = file.storyboard; name = Base; path = Base.lproj/LaunchScreen.storyboard; sourceTree = "<group>"; };
		2EEE876328BCE7BD00F95477 /* Info.plist */ = {isa = PBXFileReference; lastKnownFileType = text.plist.xml; path = Info.plist; sourceTree = "<group>"; };
		2EEE876928BCF09700F95477 /* SearchVC.swift */ = {isa = PBXFileReference; lastKnownFileType = sourcecode.swift; path = SearchVC.swift; sourceTree = "<group>"; };
		2EEE876B28BCF0E400F95477 /* FavouritesListVC.swift */ = {isa = PBXFileReference; lastKnownFileType = sourcecode.swift; path = FavouritesListVC.swift; sourceTree = "<group>"; };
		2EEE876D28BD00CD00F95477 /* GFButton.swift */ = {isa = PBXFileReference; lastKnownFileType = sourcecode.swift; path = GFButton.swift; sourceTree = "<group>"; };
		2EEE876F28BD041200F95477 /* GFTextField.swift */ = {isa = PBXFileReference; lastKnownFileType = sourcecode.swift; path = GFTextField.swift; sourceTree = "<group>"; };
/* End PBXFileReference section */

/* Begin PBXFrameworksBuildPhase section */
		2EEE874F28BCE7BB00F95477 /* Frameworks */ = {
			isa = PBXFrameworksBuildPhase;
			buildActionMask = 2147483647;
			files = (
			);
			runOnlyForDeploymentPostprocessing = 0;
		};
/* End PBXFrameworksBuildPhase section */

/* Begin PBXGroup section */
		2E59AD0028BF4A9D00A63E04 /* Screens */ = {
			isa = PBXGroup;
			children = (
				2EEE876928BCF09700F95477 /* SearchVC.swift */,
				2EEE876B28BCF0E400F95477 /* FavouritesListVC.swift */,
				2E8E91DF28BDF585005ADF87 /* FollowerListVC.swift */,
			);
			path = Screens;
			sourceTree = "<group>";
		};
		2E59AD0128BF4ADA00A63E04 /* Custom Views */ = {
			isa = PBXGroup;
			children = (
				2EEE876D28BD00CD00F95477 /* GFButton.swift */,
				2EEE876F28BD041200F95477 /* GFTextField.swift */,
				2E38AEB428BE42B700AFCD74 /* GFTitleLabel.swift */,
				2E38AEB628BE447E00AFCD74 /* GFBodyLabel.swift */,
				2E38AEB828BE454400AFCD74 /* GFAlertVC.swift */,
			);
			path = "Custom Views";
			sourceTree = "<group>";
		};
		2E59AD0228BF4B0000A63E04 /* Extensions */ = {
			isa = PBXGroup;
			children = (
				2E38AEBA28BE4DF200AFCD74 /* UIViewController+Ext.swift */,
			);
			path = Extensions;
			sourceTree = "<group>";
		};
		2E59AD0328BF4BAC00A63E04 /* Support */ = {
			isa = PBXGroup;
			children = (
				2EEE875528BCE7BB00F95477 /* AppDelegate.swift */,
				2EEE875728BCE7BB00F95477 /* SceneDelegate.swift */,
				2EEE875E28BCE7BD00F95477 /* Assets.xcassets */,
				2EEE876028BCE7BD00F95477 /* LaunchScreen.storyboard */,
			);
			path = Support;
			sourceTree = "<group>";
		};
		2E59AD0428BF4F8600A63E04 /* Model */ = {
			isa = PBXGroup;
			children = (
				2E59AD0528BF4F9100A63E04 /* Follower.swift */,
				2E59AD0728BF50FD00A63E04 /* User.swift */,
			);
			path = Model;
			sourceTree = "<group>";
		};
		2E59AD0928BF58A800A63E04 /* Manager */ = {
			isa = PBXGroup;
			children = (
				2E59AD0A28BF58B900A63E04 /* NetworkManager.swift */,
			);
			path = Manager;
			sourceTree = "<group>";
		};
		2E59AD0C28BF647A00A63E04 /* Utilities */ = {
			isa = PBXGroup;
			children = (
				2E59AD0D28BF649000A63E04 /* ErrorMessage.swift */,
			);
			path = Utilities;
			sourceTree = "<group>";
		};
		2EEE874928BCE7BB00F95477 = {
			isa = PBXGroup;
			children = (
				2EEE875428BCE7BB00F95477 /* GithubFollowers */,
				2EEE875328BCE7BB00F95477 /* Products */,
			);
			sourceTree = "<group>";
		};
		2EEE875328BCE7BB00F95477 /* Products */ = {
			isa = PBXGroup;
			children = (
				2EEE875228BCE7BB00F95477 /* GithubFollowers.app */,
			);
			name = Products;
			sourceTree = "<group>";
		};
		2EEE875428BCE7BB00F95477 /* GithubFollowers */ = {
			isa = PBXGroup;
			children = (
				2E59AD0C28BF647A00A63E04 /* Utilities */,
				2E59AD0928BF58A800A63E04 /* Manager */,
				2E59AD0428BF4F8600A63E04 /* Model */,
				2EEE876328BCE7BD00F95477 /* Info.plist */,
				2E59AD0228BF4B0000A63E04 /* Extensions */,
				2E59AD0128BF4ADA00A63E04 /* Custom Views */,
				2E59AD0028BF4A9D00A63E04 /* Screens */,
				2E59AD0328BF4BAC00A63E04 /* Support */,
			);
			path = GithubFollowers;
			sourceTree = "<group>";
		};
/* End PBXGroup section */

/* Begin PBXNativeTarget section */
		2EEE875128BCE7BB00F95477 /* GithubFollowers */ = {
			isa = PBXNativeTarget;
			buildConfigurationList = 2EEE876628BCE7BD00F95477 /* Build configuration list for PBXNativeTarget "GithubFollowers" */;
			buildPhases = (
				2EEE874E28BCE7BB00F95477 /* Sources */,
				2EEE874F28BCE7BB00F95477 /* Frameworks */,
				2EEE875028BCE7BB00F95477 /* Resources */,
			);
			buildRules = (
			);
			dependencies = (
			);
			name = GithubFollowers;
			productName = GithubFollowers;
			productReference = 2EEE875228BCE7BB00F95477 /* GithubFollowers.app */;
			productType = "com.apple.product-type.application";
		};
/* End PBXNativeTarget section */

/* Begin PBXProject section */
		2EEE874A28BCE7BB00F95477 /* Project object */ = {
			isa = PBXProject;
			attributes = {
				BuildIndependentTargetsInParallel = 1;
				LastSwiftUpdateCheck = 1340;
				LastUpgradeCheck = 1340;
				TargetAttributes = {
					2EEE875128BCE7BB00F95477 = {
						CreatedOnToolsVersion = 13.4.1;
					};
				};
			};
			buildConfigurationList = 2EEE874D28BCE7BB00F95477 /* Build configuration list for PBXProject "GithubFollowers" */;
			compatibilityVersion = "Xcode 13.0";
			developmentRegion = en;
			hasScannedForEncodings = 0;
			knownRegions = (
				en,
				Base,
			);
			mainGroup = 2EEE874928BCE7BB00F95477;
			productRefGroup = 2EEE875328BCE7BB00F95477 /* Products */;
			projectDirPath = "";
			projectRoot = "";
			targets = (
				2EEE875128BCE7BB00F95477 /* GithubFollowers */,
			);
		};
/* End PBXProject section */

/* Begin PBXResourcesBuildPhase section */
		2EEE875028BCE7BB00F95477 /* Resources */ = {
			isa = PBXResourcesBuildPhase;
			buildActionMask = 2147483647;
			files = (
				2EEE876228BCE7BD00F95477 /* LaunchScreen.storyboard in Resources */,
				2EEE875F28BCE7BD00F95477 /* Assets.xcassets in Resources */,
			);
			runOnlyForDeploymentPostprocessing = 0;
		};
/* End PBXResourcesBuildPhase section */

/* Begin PBXSourcesBuildPhase section */
		2EEE874E28BCE7BB00F95477 /* Sources */ = {
			isa = PBXSourcesBuildPhase;
			buildActionMask = 2147483647;
			files = (
				2E59AD0828BF50FD00A63E04 /* User.swift in Sources */,
				2EEE877028BD041200F95477 /* GFTextField.swift in Sources */,
				2EEE876A28BCF09700F95477 /* SearchVC.swift in Sources */,
				2EEE876E28BD00CD00F95477 /* GFButton.swift in Sources */,
				2E38AEBB28BE4DF200AFCD74 /* UIViewController+Ext.swift in Sources */,
				2EEE875628BCE7BB00F95477 /* AppDelegate.swift in Sources */,
				2E38AEB928BE454400AFCD74 /* GFAlertVC.swift in Sources */,
				2E59AD0E28BF649000A63E04 /* ErrorMessage.swift in Sources */,
				2E38AEB728BE447E00AFCD74 /* GFBodyLabel.swift in Sources */,
				2E59AD0628BF4F9100A63E04 /* Follower.swift in Sources */,
				2E38AEB528BE42B700AFCD74 /* GFTitleLabel.swift in Sources */,
				2E59AD0B28BF58B900A63E04 /* NetworkManager.swift in Sources */,
				2E8E91E028BDF585005ADF87 /* FollowerListVC.swift in Sources */,
				2EEE876C28BCF0E400F95477 /* FavouritesListVC.swift in Sources */,
				2EEE875828BCE7BB00F95477 /* SceneDelegate.swift in Sources */,
			);
			runOnlyForDeploymentPostprocessing = 0;
		};
/* End PBXSourcesBuildPhase section */

/* Begin PBXVariantGroup section */
		2EEE876028BCE7BD00F95477 /* LaunchScreen.storyboard */ = {
			isa = PBXVariantGroup;
			children = (
				2EEE876128BCE7BD00F95477 /* Base */,
			);
			name = LaunchScreen.storyboard;
			sourceTree = "<group>";
		};
/* End PBXVariantGroup section */

/* Begin XCBuildConfiguration section */
		2EEE876428BCE7BD00F95477 /* Debug */ = {
			isa = XCBuildConfiguration;
			buildSettings = {
				ALWAYS_SEARCH_USER_PATHS = NO;
				CLANG_ANALYZER_NONNULL = YES;
				CLANG_ANALYZER_NUMBER_OBJECT_CONVERSION = YES_AGGRESSIVE;
				CLANG_CXX_LANGUAGE_STANDARD = "gnu++17";
				CLANG_ENABLE_MODULES = YES;
				CLANG_ENABLE_OBJC_ARC = YES;
				CLANG_ENABLE_OBJC_WEAK = YES;
				CLANG_WARN_BLOCK_CAPTURE_AUTORELEASING = YES;
				CLANG_WARN_BOOL_CONVERSION = YES;
				CLANG_WARN_COMMA = YES;
				CLANG_WARN_CONSTANT_CONVERSION = YES;
				CLANG_WARN_DEPRECATED_OBJC_IMPLEMENTATIONS = YES;
				CLANG_WARN_DIRECT_OBJC_ISA_USAGE = YES_ERROR;
				CLANG_WARN_DOCUMENTATION_COMMENTS = YES;
				CLANG_WARN_EMPTY_BODY = YES;
				CLANG_WARN_ENUM_CONVERSION = YES;
				CLANG_WARN_INFINITE_RECURSION = YES;
				CLANG_WARN_INT_CONVERSION = YES;
				CLANG_WARN_NON_LITERAL_NULL_CONVERSION = YES;
				CLANG_WARN_OBJC_IMPLICIT_RETAIN_SELF = YES;
				CLANG_WARN_OBJC_LITERAL_CONVERSION = YES;
				CLANG_WARN_OBJC_ROOT_CLASS = YES_ERROR;
				CLANG_WARN_QUOTED_INCLUDE_IN_FRAMEWORK_HEADER = YES;
				CLANG_WARN_RANGE_LOOP_ANALYSIS = YES;
				CLANG_WARN_STRICT_PROTOTYPES = YES;
				CLANG_WARN_SUSPICIOUS_MOVE = YES;
				CLANG_WARN_UNGUARDED_AVAILABILITY = YES_AGGRESSIVE;
				CLANG_WARN_UNREACHABLE_CODE = YES;
				CLANG_WARN__DUPLICATE_METHOD_MATCH = YES;
				COPY_PHASE_STRIP = NO;
				DEBUG_INFORMATION_FORMAT = dwarf;
				ENABLE_STRICT_OBJC_MSGSEND = YES;
				ENABLE_TESTABILITY = YES;
				GCC_C_LANGUAGE_STANDARD = gnu11;
				GCC_DYNAMIC_NO_PIC = NO;
				GCC_NO_COMMON_BLOCKS = YES;
				GCC_OPTIMIZATION_LEVEL = 0;
				GCC_PREPROCESSOR_DEFINITIONS = (
					"DEBUG=1",
					"$(inherited)",
				);
				GCC_WARN_64_TO_32_BIT_CONVERSION = YES;
				GCC_WARN_ABOUT_RETURN_TYPE = YES_ERROR;
				GCC_WARN_UNDECLARED_SELECTOR = YES;
				GCC_WARN_UNINITIALIZED_AUTOS = YES_AGGRESSIVE;
				GCC_WARN_UNUSED_FUNCTION = YES;
				GCC_WARN_UNUSED_VARIABLE = YES;
				IPHONEOS_DEPLOYMENT_TARGET = 15.5;
				MTL_ENABLE_DEBUG_INFO = INCLUDE_SOURCE;
				MTL_FAST_MATH = YES;
				ONLY_ACTIVE_ARCH = YES;
				SDKROOT = iphoneos;
				SWIFT_ACTIVE_COMPILATION_CONDITIONS = DEBUG;
				SWIFT_OPTIMIZATION_LEVEL = "-Onone";
			};
			name = Debug;
		};
		2EEE876528BCE7BD00F95477 /* Release */ = {
			isa = XCBuildConfiguration;
			buildSettings = {
				ALWAYS_SEARCH_USER_PATHS = NO;
				CLANG_ANALYZER_NONNULL = YES;
				CLANG_ANALYZER_NUMBER_OBJECT_CONVERSION = YES_AGGRESSIVE;
				CLANG_CXX_LANGUAGE_STANDARD = "gnu++17";
				CLANG_ENABLE_MODULES = YES;
				CLANG_ENABLE_OBJC_ARC = YES;
				CLANG_ENABLE_OBJC_WEAK = YES;
				CLANG_WARN_BLOCK_CAPTURE_AUTORELEASING = YES;
				CLANG_WARN_BOOL_CONVERSION = YES;
				CLANG_WARN_COMMA = YES;
				CLANG_WARN_CONSTANT_CONVERSION = YES;
				CLANG_WARN_DEPRECATED_OBJC_IMPLEMENTATIONS = YES;
				CLANG_WARN_DIRECT_OBJC_ISA_USAGE = YES_ERROR;
				CLANG_WARN_DOCUMENTATION_COMMENTS = YES;
				CLANG_WARN_EMPTY_BODY = YES;
				CLANG_WARN_ENUM_CONVERSION = YES;
				CLANG_WARN_INFINITE_RECURSION = YES;
				CLANG_WARN_INT_CONVERSION = YES;
				CLANG_WARN_NON_LITERAL_NULL_CONVERSION = YES;
				CLANG_WARN_OBJC_IMPLICIT_RETAIN_SELF = YES;
				CLANG_WARN_OBJC_LITERAL_CONVERSION = YES;
				CLANG_WARN_OBJC_ROOT_CLASS = YES_ERROR;
				CLANG_WARN_QUOTED_INCLUDE_IN_FRAMEWORK_HEADER = YES;
				CLANG_WARN_RANGE_LOOP_ANALYSIS = YES;
				CLANG_WARN_STRICT_PROTOTYPES = YES;
				CLANG_WARN_SUSPICIOUS_MOVE = YES;
				CLANG_WARN_UNGUARDED_AVAILABILITY = YES_AGGRESSIVE;
				CLANG_WARN_UNREACHABLE_CODE = YES;
				CLANG_WARN__DUPLICATE_METHOD_MATCH = YES;
				COPY_PHASE_STRIP = NO;
				DEBUG_INFORMATION_FORMAT = "dwarf-with-dsym";
				ENABLE_NS_ASSERTIONS = NO;
				ENABLE_STRICT_OBJC_MSGSEND = YES;
				GCC_C_LANGUAGE_STANDARD = gnu11;
				GCC_NO_COMMON_BLOCKS = YES;
				GCC_WARN_64_TO_32_BIT_CONVERSION = YES;
				GCC_WARN_ABOUT_RETURN_TYPE = YES_ERROR;
				GCC_WARN_UNDECLARED_SELECTOR = YES;
				GCC_WARN_UNINITIALIZED_AUTOS = YES_AGGRESSIVE;
				GCC_WARN_UNUSED_FUNCTION = YES;
				GCC_WARN_UNUSED_VARIABLE = YES;
				IPHONEOS_DEPLOYMENT_TARGET = 15.5;
				MTL_ENABLE_DEBUG_INFO = NO;
				MTL_FAST_MATH = YES;
				SDKROOT = iphoneos;
				SWIFT_COMPILATION_MODE = wholemodule;
				SWIFT_OPTIMIZATION_LEVEL = "-O";
				VALIDATE_PRODUCT = YES;
			};
			name = Release;
		};
		2EEE876728BCE7BD00F95477 /* Debug */ = {
			isa = XCBuildConfiguration;
			buildSettings = {
				ASSETCATALOG_COMPILER_APPICON_NAME = AppIcon;
				ASSETCATALOG_COMPILER_GLOBAL_ACCENT_COLOR_NAME = AccentColor;
				CODE_SIGN_STYLE = Automatic;
				CURRENT_PROJECT_VERSION = 1;
				DEVELOPMENT_TEAM = FSYW7H5XB9;
				GENERATE_INFOPLIST_FILE = YES;
				INFOPLIST_FILE = GithubFollowers/Info.plist;
				INFOPLIST_KEY_UIApplicationSupportsIndirectInputEvents = YES;
				INFOPLIST_KEY_UILaunchStoryboardName = LaunchScreen;
				INFOPLIST_KEY_UISupportedInterfaceOrientations = UIInterfaceOrientationPortrait;
				INFOPLIST_KEY_UISupportedInterfaceOrientations_iPad = "UIInterfaceOrientationPortrait UIInterfaceOrientationPortraitUpsideDown UIInterfaceOrientationLandscapeLeft UIInterfaceOrientationLandscapeRight";
				INFOPLIST_KEY_UISupportedInterfaceOrientations_iPhone = "UIInterfaceOrientationPortrait UIInterfaceOrientationLandscapeLeft UIInterfaceOrientationLandscapeRight";
				IPHONEOS_DEPLOYMENT_TARGET = 14.0;
				LD_RUNPATH_SEARCH_PATHS = (
					"$(inherited)",
					"@executable_path/Frameworks",
				);
				MARKETING_VERSION = 1.0;
				PRODUCT_BUNDLE_IDENTIFIER = "com.greg-ross-github-followers.GithubFollowersApp";
				PRODUCT_NAME = "$(TARGET_NAME)";
				SWIFT_EMIT_LOC_STRINGS = YES;
				SWIFT_VERSION = 5.0;
				TARGETED_DEVICE_FAMILY = 1;
			};
			name = Debug;
		};
		2EEE876828BCE7BD00F95477 /* Release */ = {
			isa = XCBuildConfiguration;
			buildSettings = {
				ASSETCATALOG_COMPILER_APPICON_NAME = AppIcon;
				ASSETCATALOG_COMPILER_GLOBAL_ACCENT_COLOR_NAME = AccentColor;
				CODE_SIGN_STYLE = Automatic;
				CURRENT_PROJECT_VERSION = 1;
				DEVELOPMENT_TEAM = UD7DDMT4QH;
				GENERATE_INFOPLIST_FILE = YES;
				INFOPLIST_FILE = GithubFollowers/Info.plist;
				INFOPLIST_KEY_UIApplicationSupportsIndirectInputEvents = YES;
				INFOPLIST_KEY_UILaunchStoryboardName = LaunchScreen;
				INFOPLIST_KEY_UISupportedInterfaceOrientations = UIInterfaceOrientationPortrait;
				INFOPLIST_KEY_UISupportedInterfaceOrientations_iPad = "UIInterfaceOrientationPortrait UIInterfaceOrientationPortraitUpsideDown UIInterfaceOrientationLandscapeLeft UIInterfaceOrientationLandscapeRight";
				INFOPLIST_KEY_UISupportedInterfaceOrientations_iPhone = "UIInterfaceOrientationPortrait UIInterfaceOrientationLandscapeLeft UIInterfaceOrientationLandscapeRight";
				IPHONEOS_DEPLOYMENT_TARGET = 14.0;
				LD_RUNPATH_SEARCH_PATHS = (
					"$(inherited)",
					"@executable_path/Frameworks",
				);
				MARKETING_VERSION = 1.0;
				PRODUCT_BUNDLE_IDENTIFIER = "com.greg-ross-github-followers.GithubFollowers";
				PRODUCT_NAME = "$(TARGET_NAME)";
				SWIFT_EMIT_LOC_STRINGS = YES;
				SWIFT_VERSION = 5.0;
				TARGETED_DEVICE_FAMILY = 1;
			};
			name = Release;
		};
/* End XCBuildConfiguration section */

/* Begin XCConfigurationList section */
		2EEE874D28BCE7BB00F95477 /* Build configuration list for PBXProject "GithubFollowers" */ = {
			isa = XCConfigurationList;
			buildConfigurations = (
				2EEE876428BCE7BD00F95477 /* Debug */,
				2EEE876528BCE7BD00F95477 /* Release */,
			);
			defaultConfigurationIsVisible = 0;
			defaultConfigurationName = Release;
		};
		2EEE876628BCE7BD00F95477 /* Build configuration list for PBXNativeTarget "GithubFollowers" */ = {
			isa = XCConfigurationList;
			buildConfigurations = (
				2EEE876728BCE7BD00F95477 /* Debug */,
				2EEE876828BCE7BD00F95477 /* Release */,
			);
			defaultConfigurationIsVisible = 0;
			defaultConfigurationName = Release;
		};
/* End XCConfigurationList section */
	};
	rootObject = 2EEE874A28BCE7BB00F95477 /* Project object */;
}
